
Microsoft Visual Studio Solution File, Format Version 12.00
# Visual Studio Version 17
VisualStudioVersion = 17.0.32112.339
MinimumVisualStudioVersion = 10.0.40219.1
Project("{FAE04EC0-301F-11D3-BF4B-00C04F79EFBC}") = "Practical_04", "Practical_04\Practical_04.csproj", "{838B094B-E2B2-4E01-A91A-2470C3A89393}"
EndProject
Global
	GlobalSection(SolutionConfigurationPlatforms) = preSolution
		Debug|Any CPU = Debug|Any CPU
		Release|Any CPU = Release|Any CPU
	EndGlobalSection
	GlobalSection(ProjectConfigurationPlatforms) = postSolution
		{838B094B-E2B2-4E01-A91A-2470C3A89393}.Debug|Any CPU.ActiveCfg = Debug|Any CPU
		{838B094B-E2B2-4E01-A91A-2470C3A89393}.Debug|Any CPU.Build.0 = Debug|Any CPU
		{838B094B-E2B2-4E01-A91A-2470C3A89393}.Release|Any CPU.ActiveCfg = Release|Any CPU
		{838B094B-E2B2-4E01-A91A-2470C3A89393}.Release|Any CPU.Build.0 = Release|Any CPU
	EndGlobalSection
	GlobalSection(SolutionProperties) = preSolution
		HideSolutionNode = FALSE
	EndGlobalSection
	GlobalSection(ExtensibilityGlobals) = postSolution
		SolutionGuid = {B1761D31-4C31-4CA6-95A4-27C5E1DA7B1F}
	EndGlobalSection
EndGlobal
